// !$*UTF8*$!
{
	archiveVersion = 1;
	classes = {
	};
	objectVersion = 46;
	objects = {

/* Begin PBXBuildFile section */
		EAB340DC199B9C78001F0FC6 /* AppDelegate.swift in Sources */ = {isa = PBXBuildFile; fileRef = EAB340DB199B9C78001F0FC6 /* AppDelegate.swift */; };
		EAB340DE199B9C78001F0FC6 /* ViewController.swift in Sources */ = {isa = PBXBuildFile; fileRef = EAB340DD199B9C78001F0FC6 /* ViewController.swift */; };
		EAB340E1199B9C78001F0FC6 /* Main.storyboard in Resources */ = {isa = PBXBuildFile; fileRef = EAB340DF199B9C78001F0FC6 /* Main.storyboard */; };
		EAB340E3199B9C78001F0FC6 /* Images.xcassets in Resources */ = {isa = PBXBuildFile; fileRef = EAB340E2199B9C78001F0FC6 /* Images.xcassets */; };
		EAB340EF199B9C78001F0FC6 /* bookInternacionalTests.swift in Sources */ = {isa = PBXBuildFile; fileRef = EAB340EE199B9C78001F0FC6 /* bookInternacionalTests.swift */; };
		EAB340FB199B9CC3001F0FC6 /* Localizable.strings in Resources */ = {isa = PBXBuildFile; fileRef = EAB340FD199B9CC3001F0FC6 /* Localizable.strings */; };
		EAB34100199B9D11001F0FC6 /* livro.jpg in Resources */ = {isa = PBXBuildFile; fileRef = EAB340FF199B9D11001F0FC6 /* livro.jpg */; };
		EAB34102199B9D1D001F0FC6 /* botao-ios.png in Resources */ = {isa = PBXBuildFile; fileRef = EAB34101199B9D1D001F0FC6 /* botao-ios.png */; };
/* End PBXBuildFile section */

/* Begin PBXContainerItemProxy section */
		EAB340E9199B9C78001F0FC6 /* PBXContainerItemProxy */ = {
			isa = PBXContainerItemProxy;
			containerPortal = EAB340CE199B9C78001F0FC6 /* Project object */;
			proxyType = 1;
			remoteGlobalIDString = EAB340D5199B9C78001F0FC6;
			remoteInfo = bookInternacional;
		};
/* End PBXContainerItemProxy section */

/* Begin PBXFileReference section */
		EAB340D6199B9C78001F0FC6 /* bookInternacional.app */ = {isa = PBXFileReference; explicitFileType = wrapper.application; includeInIndex = 0; path = bookInternacional.app; sourceTree = BUILT_PRODUCTS_DIR; };
		EAB340DA199B9C78001F0FC6 /* Info.plist */ = {isa = PBXFileReference; lastKnownFileType = text.plist.xml; path = Info.plist; sourceTree = "<group>"; };
		EAB340DB199B9C78001F0FC6 /* AppDelegate.swift */ = {isa = PBXFileReference; lastKnownFileType = sourcecode.swift; path = AppDelegate.swift; sourceTree = "<group>"; };
		EAB340DD199B9C78001F0FC6 /* ViewController.swift */ = {isa = PBXFileReference; lastKnownFileType = sourcecode.swift; path = ViewController.swift; sourceTree = "<group>"; };
		EAB340E0199B9C78001F0FC6 /* Base */ = {isa = PBXFileReference; lastKnownFileType = file.storyboard; name = Base; path = Base.lproj/Main.storyboard; sourceTree = "<group>"; };
		EAB340E2199B9C78001F0FC6 /* Images.xcassets */ = {isa = PBXFileReference; lastKnownFileType = folder.assetcatalog; path = Images.xcassets; sourceTree = "<group>"; };
		EAB340E8199B9C78001F0FC6 /* bookInternacionalTests.xctest */ = {isa = PBXFileReference; explicitFileType = wrapper.cfbundle; includeInIndex = 0; path = bookInternacionalTests.xctest; sourceTree = BUILT_PRODUCTS_DIR; };
		EAB340ED199B9C78001F0FC6 /* Info.plist */ = {isa = PBXFileReference; lastKnownFileType = text.plist.xml; path = Info.plist; sourceTree = "<group>"; };
		EAB340EE199B9C78001F0FC6 /* bookInternacionalTests.swift */ = {isa = PBXFileReference; lastKnownFileType = sourcecode.swift; path = bookInternacionalTests.swift; sourceTree = "<group>"; };
		EAB340F8199B9C9F001F0FC6 /* pt */ = {isa = PBXFileReference; lastKnownFileType = text.plist.strings; name = pt; path = pt.lproj/Main.strings; sourceTree = "<group>"; };
		EAB340FC199B9CC3001F0FC6 /* Base */ = {isa = PBXFileReference; lastKnownFileType = text.plist.strings; name = Base; path = Base.lproj/Localizable.strings; sourceTree = "<group>"; };
		EAB340FE199B9CC5001F0FC6 /* pt */ = {isa = PBXFileReference; lastKnownFileType = text.plist.strings; name = pt; path = pt.lproj/Localizable.strings; sourceTree = "<group>"; };
		EAB340FF199B9D11001F0FC6 /* livro.jpg */ = {isa = PBXFileReference; lastKnownFileType = image.jpeg; path = livro.jpg; sourceTree = "<group>"; };
		EAB34101199B9D1D001F0FC6 /* botao-ios.png */ = {isa = PBXFileReference; lastKnownFileType = image.png; path = "botao-ios.png"; sourceTree = "<group>"; };
/* End PBXFileReference section */

/* Begin PBXFrameworksBuildPhase section */
		EAB340D3199B9C78001F0FC6 /* Frameworks */ = {
			isa = PBXFrameworksBuildPhase;
			buildActionMask = 2147483647;
			files = (
			);
			runOnlyForDeploymentPostprocessing = 0;
		};
		EAB340E5199B9C78001F0FC6 /* Frameworks */ = {
			isa = PBXFrameworksBuildPhase;
			buildActionMask = 2147483647;
			files = (
			);
			runOnlyForDeploymentPostprocessing = 0;
		};
/* End PBXFrameworksBuildPhase section */

/* Begin PBXGroup section */
		EAB340CD199B9C78001F0FC6 = {
			isa = PBXGroup;
			children = (
				EAB34101199B9D1D001F0FC6 /* botao-ios.png */,
				EAB340FF199B9D11001F0FC6 /* livro.jpg */,
				EAB340FD199B9CC3001F0FC6 /* Localizable.strings */,
				EAB340D8199B9C78001F0FC6 /* bookInternacional */,
				EAB340EB199B9C78001F0FC6 /* bookInternacionalTests */,
				EAB340D7199B9C78001F0FC6 /* Products */,
			);
			sourceTree = "<group>";
		};
		EAB340D7199B9C78001F0FC6 /* Products */ = {
			isa = PBXGroup;
			children = (
				EAB340D6199B9C78001F0FC6 /* bookInternacional.app */,
				EAB340E8199B9C78001F0FC6 /* bookInternacionalTests.xctest */,
			);
			name = Products;
			sourceTree = "<group>";
		};
		EAB340D8199B9C78001F0FC6 /* bookInternacional */ = {
			isa = PBXGroup;
			children = (
				EAB340DB199B9C78001F0FC6 /* AppDelegate.swift */,
				EAB340DD199B9C78001F0FC6 /* ViewController.swift */,
				EAB340DF199B9C78001F0FC6 /* Main.storyboard */,
				EAB340E2199B9C78001F0FC6 /* Images.xcassets */,
				EAB340D9199B9C78001F0FC6 /* Supporting Files */,
			);
			path = bookInternacional;
			sourceTree = "<group>";
		};
		EAB340D9199B9C78001F0FC6 /* Supporting Files */ = {
			isa = PBXGroup;
			children = (
				EAB340DA199B9C78001F0FC6 /* Info.plist */,
			);
			name = "Supporting Files";
			sourceTree = "<group>";
		};
		EAB340EB199B9C78001F0FC6 /* bookInternacionalTests */ = {
			isa = PBXGroup;
			children = (
				EAB340EE199B9C78001F0FC6 /* bookInternacionalTests.swift */,
				EAB340EC199B9C78001F0FC6 /* Supporting Files */,
			);
			path = bookInternacionalTests;
			sourceTree = "<group>";
		};
		EAB340EC199B9C78001F0FC6 /* Supporting Files */ = {
			isa = PBXGroup;
			children = (
				EAB340ED199B9C78001F0FC6 /* Info.plist */,
			);
			name = "Supporting Files";
			sourceTree = "<group>";
		};
/* End PBXGroup section */

/* Begin PBXNativeTarget section */
		EAB340D5199B9C78001F0FC6 /* bookInternacional */ = {
			isa = PBXNativeTarget;
			buildConfigurationList = EAB340F2199B9C78001F0FC6 /* Build configuration list for PBXNativeTarget "bookInternacional" */;
			buildPhases = (
				EAB340D2199B9C78001F0FC6 /* Sources */,
				EAB340D3199B9C78001F0FC6 /* Frameworks */,
				EAB340D4199B9C78001F0FC6 /* Resources */,
			);
			buildRules = (
			);
			dependencies = (
			);
			name = bookInternacional;
			productName = bookInternacional;
			productReference = EAB340D6199B9C78001F0FC6 /* bookInternacional.app */;
			productType = "com.apple.product-type.application";
		};
		EAB340E7199B9C78001F0FC6 /* bookInternacionalTests */ = {
			isa = PBXNativeTarget;
			buildConfigurationList = EAB340F5199B9C78001F0FC6 /* Build configuration list for PBXNativeTarget "bookInternacionalTests" */;
			buildPhases = (
				EAB340E4199B9C78001F0FC6 /* Sources */,
				EAB340E5199B9C78001F0FC6 /* Frameworks */,
				EAB340E6199B9C78001F0FC6 /* Resources */,
			);
			buildRules = (
			);
			dependencies = (
				EAB340EA199B9C78001F0FC6 /* PBXTargetDependency */,
			);
			name = bookInternacionalTests;
			productName = bookInternacionalTests;
			productReference = EAB340E8199B9C78001F0FC6 /* bookInternacionalTests.xctest */;
			productType = "com.apple.product-type.bundle.unit-test";
		};
/* End PBXNativeTarget section */

/* Begin PBXProject section */
		EAB340CE199B9C78001F0FC6 /* Project object */ = {
			isa = PBXProject;
			attributes = {
				LastUpgradeCheck = 0600;
				ORGANIZATIONNAME = "Dennis de Oliveira";
				TargetAttributes = {
					EAB340D5199B9C78001F0FC6 = {
						CreatedOnToolsVersion = 6.0;
					};
					EAB340E7199B9C78001F0FC6 = {
						CreatedOnToolsVersion = 6.0;
						TestTargetID = EAB340D5199B9C78001F0FC6;
					};
				};
			};
			buildConfigurationList = EAB340D1199B9C78001F0FC6 /* Build configuration list for PBXProject "bookInternacional" */;
			compatibilityVersion = "Xcode 3.2";
			developmentRegion = English;
			hasScannedForEncodings = 0;
			knownRegions = (
				en,
				Base,
				pt,
			);
			mainGroup = EAB340CD199B9C78001F0FC6;
			productRefGroup = EAB340D7199B9C78001F0FC6 /* Products */;
			projectDirPath = "";
			projectRoot = "";
			targets = (
				EAB340D5199B9C78001F0FC6 /* bookInternacional */,
				EAB340E7199B9C78001F0FC6 /* bookInternacionalTests */,
			);
		};
/* End PBXProject section */

/* Begin PBXResourcesBuildPhase section */
		EAB340D4199B9C78001F0FC6 /* Resources */ = {
			isa = PBXResourcesBuildPhase;
			buildActionMask = 2147483647;
			files = (
				EAB34100199B9D11001F0FC6 /* livro.jpg in Resources */,
				EAB34102199B9D1D001F0FC6 /* botao-ios.png in Resources */,
				EAB340E1199B9C78001F0FC6 /* Main.storyboard in Resources */,
				EAB340FB199B9CC3001F0FC6 /* Localizable.strings in Resources */,
				EAB340E3199B9C78001F0FC6 /* Images.xcassets in Resources */,
			);
			runOnlyForDeploymentPostprocessing = 0;
		};
		EAB340E6199B9C78001F0FC6 /* Resources */ = {
			isa = PBXResourcesBuildPhase;
			buildActionMask = 2147483647;
			files = (
			);
			runOnlyForDeploymentPostprocessing = 0;
		};
/* End PBXResourcesBuildPhase section */

/* Begin PBXSourcesBuildPhase section */
		EAB340D2199B9C78001F0FC6 /* Sources */ = {
			isa = PBXSourcesBuildPhase;
			buildActionMask = 2147483647;
			files = (
				EAB340DE199B9C78001F0FC6 /* ViewController.swift in Sources */,
				EAB340DC199B9C78001F0FC6 /* AppDelegate.swift in Sources */,
			);
			runOnlyForDeploymentPostprocessing = 0;
		};
		EAB340E4199B9C78001F0FC6 /* Sources */ = {
			isa = PBXSourcesBuildPhase;
			buildActionMask = 2147483647;
			files = (
				EAB340EF199B9C78001F0FC6 /* bookInternacionalTests.swift in Sources */,
			);
			runOnlyForDeploymentPostprocessing = 0;
		};
/* End PBXSourcesBuildPhase section */

/* Begin PBXTargetDependency section */
		EAB340EA199B9C78001F0FC6 /* PBXTargetDependency */ = {
			isa = PBXTargetDependency;
			target = EAB340D5199B9C78001F0FC6 /* bookInternacional */;
			targetProxy = EAB340E9199B9C78001F0FC6 /* PBXContainerItemProxy */;
		};
/* End PBXTargetDependency section */

/* Begin PBXVariantGroup section */
		EAB340DF199B9C78001F0FC6 /* Main.storyboard */ = {
			isa = PBXVariantGroup;
			children = (
				EAB340E0199B9C78001F0FC6 /* Base */,
				EAB340F8199B9C9F001F0FC6 /* pt */,
			);
			name = Main.storyboard;
			sourceTree = "<group>";
		};
		EAB340FD199B9CC3001F0FC6 /* Localizable.strings */ = {
			isa = PBXVariantGroup;
			children = (
				EAB340FC199B9CC3001F0FC6 /* Base */,
				EAB340FE199B9CC5001F0FC6 /* pt */,
			);
			name = Localizable.strings;
			sourceTree = "<group>";
		};
/* End PBXVariantGroup section */

/* Begin XCBuildConfiguration section */
		EAB340F0199B9C78001F0FC6 /* Debug */ = {
			isa = XCBuildConfiguration;
			buildSettings = {
				ALWAYS_SEARCH_USER_PATHS = NO;
				CLANG_CXX_LANGUAGE_STANDARD = "gnu++0x";
				CLANG_CXX_LIBRARY = "libc++";
				CLANG_ENABLE_MODULES = YES;
				CLANG_ENABLE_OBJC_ARC = YES;
				CLANG_WARN_BOOL_CONVERSION = YES;
				CLANG_WARN_CONSTANT_CONVERSION = YES;
				CLANG_WARN_DIRECT_OBJC_ISA_USAGE = YES_ERROR;
				CLANG_WARN_EMPTY_BODY = YES;
				CLANG_WARN_ENUM_CONVERSION = YES;
				CLANG_WARN_INT_CONVERSION = YES;
				CLANG_WARN_OBJC_ROOT_CLASS = YES_ERROR;
				CLANG_WARN_UNREACHABLE_CODE = YES;
				CLANG_WARN__DUPLICATE_METHOD_MATCH = YES;
				"CODE_SIGN_IDENTITY[sdk=iphoneos*]" = "iPhone Developer";
				COPY_PHASE_STRIP = NO;
				ENABLE_STRICT_OBJC_MSGSEND = YES;
				GCC_C_LANGUAGE_STANDARD = gnu99;
				GCC_DYNAMIC_NO_PIC = NO;
				GCC_OPTIMIZATION_LEVEL = 0;
				GCC_PREPROCESSOR_DEFINITIONS = (
					"DEBUG=1",
					"$(inherited)",
				);
				GCC_SYMBOLS_PRIVATE_EXTERN = NO;
				GCC_WARN_64_TO_32_BIT_CONVERSION = YES;
				GCC_WARN_ABOUT_RETURN_TYPE = YES_ERROR;
				GCC_WARN_UNDECLARED_SELECTOR = YES;
				GCC_WARN_UNINITIALIZED_AUTOS = YES_AGGRESSIVE;
				GCC_WARN_UNUSED_FUNCTION = YES;
				GCC_WARN_UNUSED_VARIABLE = YES;
				IPHONEOS_DEPLOYMENT_TARGET = 8.0;
				MTL_ENABLE_DEBUG_INFO = YES;
				ONLY_ACTIVE_ARCH = YES;
				SDKROOT = iphoneos;
				SWIFT_OPTIMIZATION_LEVEL = "-Onone";
			};
			name = Debug;
		};
		EAB340F1199B9C78001F0FC6 /* Release */ = {
			isa = XCBuildConfiguration;
			buildSettings = {
				ALWAYS_SEARCH_USER_PATHS = NO;
				CLANG_CXX_LANGUAGE_STANDARD = "gnu++0x";
				CLANG_CXX_LIBRARY = "libc++";
				CLANG_ENABLE_MODULES = YES;
				CLANG_ENABLE_OBJC_ARC = YES;
				CLANG_WARN_BOOL_CONVERSION = YES;
				CLANG_WARN_CONSTANT_CONVERSION = YES;
				CLANG_WARN_DIRECT_OBJC_ISA_USAGE = YES_ERROR;
				CLANG_WARN_EMPTY_BODY = YES;
				CLANG_WARN_ENUM_CONVERSION = YES;
				CLANG_WARN_INT_CONVERSION = YES;
				CLANG_WARN_OBJC_ROOT_CLASS = YES_ERROR;
				CLANG_WARN_UNREACHABLE_CODE = YES;
				CLANG_WARN__DUPLICATE_METHOD_MATCH = YES;
				"CODE_SIGN_IDENTITY[sdk=iphoneos*]" = "iPhone Developer";
				COPY_PHASE_STRIP = YES;
				ENABLE_NS_ASSERTIONS = NO;
				ENABLE_STRICT_OBJC_MSGSEND = YES;
				GCC_C_LANGUAGE_STANDARD = gnu99;
				GCC_WARN_64_TO_32_BIT_CONVERSION = YES;
				GCC_WARN_ABOUT_RETURN_TYPE = YES_ERROR;
				GCC_WARN_UNDECLARED_SELECTOR = YES;
				GCC_WARN_UNINITIALIZED_AUTOS = YES_AGGRESSIVE;
				GCC_WARN_UNUSED_FUNCTION = YES;
				GCC_WARN_UNUSED_VARIABLE = YES;
				IPHONEOS_DEPLOYMENT_TARGET = 8.0;
				MTL_ENABLE_DEBUG_INFO = NO;
				SDKROOT = iphoneos;
				VALIDATE_PRODUCT = YES;
			};
			name = Release;
		};
		EAB340F3199B9C78001F0FC6 /* Debug */ = {
			isa = XCBuildConfiguration;
			buildSettings = {
				ASSETCATALOG_COMPILER_APPICON_NAME = AppIcon;
				ASSETCATALOG_COMPILER_LAUNCHIMAGE_NAME = LaunchImage;
				INFOPLIST_FILE = bookInternacional/Info.plist;
				LD_RUNPATH_SEARCH_PATHS = "$(inherited) @executable_path/Frameworks";
				PRODUCT_NAME = "$(TARGET_NAME)";
			};
			name = Debug;
		};
		EAB340F4199B9C78001F0FC6 /* Release */ = {
			isa = XCBuildConfiguration;
			buildSettings = {
				ASSETCATALOG_COMPILER_APPICON_NAME = AppIcon;
				ASSETCATALOG_COMPILER_LAUNCHIMAGE_NAME = LaunchImage;
				INFOPLIST_FILE = bookInternacional/Info.plist;
				LD_RUNPATH_SEARCH_PATHS = "$(inherited) @executable_path/Frameworks";
				PRODUCT_NAME = "$(TARGET_NAME)";
			};
			name = Release;
		};
		EAB340F6199B9C78001F0FC6 /* Debug */ = {
			isa = XCBuildConfiguration;
			buildSettings = {
				BUNDLE_LOADER = "$(TEST_HOST)";
				FRAMEWORK_SEARCH_PATHS = (
					"$(SDKROOT)/Developer/Library/Frameworks",
					"$(inherited)",
				);
				GCC_PREPROCESSOR_DEFINITIONS = (
					"DEBUG=1",
					"$(inherited)",
				);
				INFOPLIST_FILE = bookInternacionalTests/Info.plist;
				LD_RUNPATH_SEARCH_PATHS = "$(inherited) @executable_path/Frameworks @loader_path/Frameworks";
				PRODUCT_NAME = "$(TARGET_NAME)";
				TEST_HOST = "$(BUILT_PRODUCTS_DIR)/bookInternacional.app/bookInternacional";
			};
			name = Debug;
		};
		EAB340F7199B9C78001F0FC6 /* Release */ = {
			isa = XCBuildConfiguration;
			buildSettings = {
				BUNDLE_LOADER = "$(TEST_HOST)";
				FRAMEWORK_SEARCH_PATHS = (
					"$(SDKROOT)/Developer/Library/Frameworks",
					"$(inherited)",
				);
				INFOPLIST_FILE = bookInternacionalTests/Info.plist;
				LD_RUNPATH_SEARCH_PATHS = "$(inherited) @executable_path/Frameworks @loader_path/Frameworks";
				PRODUCT_NAME = "$(TARGET_NAME)";
				TEST_HOST = "$(BUILT_PRODUCTS_DIR)/bookInternacional.app/bookInternacional";
			};
			name = Release;
		};
/* End XCBuildConfiguration section */

/* Begin XCConfigurationList section */
		EAB340D1199B9C78001F0FC6 /* Build configuration list for PBXProject "bookInternacional" */ = {
			isa = XCConfigurationList;
			buildConfigurations = (
				EAB340F0199B9C78001F0FC6 /* Debug */,
				EAB340F1199B9C78001F0FC6 /* Release */,
			);
			defaultConfigurationIsVisible = 0;
			defaultConfigurationName = Release;
		};
		EAB340F2199B9C78001F0FC6 /* Build configuration list for PBXNativeTarget "bookInternacional" */ = {
			isa = XCConfigurationList;
			buildConfigurations = (
				EAB340F3199B9C78001F0FC6 /* Debug */,
				EAB340F4199B9C78001F0FC6 /* Release */,
			);
			defaultConfigurationIsVisible = 0;
		};
		EAB340F5199B9C78001F0FC6 /* Build configuration list for PBXNativeTarget "bookInternacionalTests" */ = {
			isa = XCConfigurationList;
			buildConfigurations = (
				EAB340F6199B9C78001F0FC6 /* Debug */,
				EAB340F7199B9C78001F0FC6 /* Release */,
			);
			defaultConfigurationIsVisible = 0;
		};
/* End XCConfigurationList section */
	};
	rootObject = EAB340CE199B9C78001F0FC6 /* Project object */;
}
